// !$*UTF8*$!
{
	archiveVersion = 1;
	classes = {
	};
	objectVersion = 51;
	objects = {

/* Begin PBXBuildFile section */
		3A3821BF22B777FF00CFAE69 /* WayfindingController.swift in Sources */ = {isa = PBXBuildFile; fileRef = 3A3821BE22B777FF00CFAE69 /* WayfindingController.swift */; };
		3A55DB4F228D971800315BD4 /* AppDelegate.swift in Sources */ = {isa = PBXBuildFile; fileRef = 3A55DB4E228D971800315BD4 /* AppDelegate.swift */; };
		3A55DB51228D971800315BD4 /* ViewController.swift in Sources */ = {isa = PBXBuildFile; fileRef = 3A55DB50228D971800315BD4 /* ViewController.swift */; };
		3A55DB54228D971800315BD4 /* Main.storyboard in Resources */ = {isa = PBXBuildFile; fileRef = 3A55DB52228D971800315BD4 /* Main.storyboard */; };
		3A55DB59228D971A00315BD4 /* LaunchScreen.storyboard in Resources */ = {isa = PBXBuildFile; fileRef = 3A55DB57228D971A00315BD4 /* LaunchScreen.storyboard */; };
		3A65F0E4229451FD00DE64C5 /* Assets.xcassets in Resources */ = {isa = PBXBuildFile; fileRef = 3A55DB55228D971A00315BD4 /* Assets.xcassets */; };
		FB4B2457F67503407EDB95E4 /* Pods_situm_ios_wayfinding_getting_started.framework in Frameworks */ = {isa = PBXBuildFile; fileRef = 6B23E885460F229F6DC40983 /* Pods_situm_ios_wayfinding_getting_started.framework */; };
/* End PBXBuildFile section */

/* Begin PBXCopyFilesBuildPhase section */
		3A55DB83228DA3D700315BD4 /* CopyFiles */ = {
			isa = PBXCopyFilesBuildPhase;
			buildActionMask = 12;
			dstPath = "";
			dstSubfolderSpec = 10;
			files = (
			);
			runOnlyForDeploymentPostprocessing = 0;
		};
/* End PBXCopyFilesBuildPhase section */

/* Begin PBXFileReference section */
		10C8AB3021F39BD7E2901928 /* Pods-situm-ios-wayfinding-getting-started.debug.xcconfig */ = {isa = PBXFileReference; includeInIndex = 1; lastKnownFileType = text.xcconfig; name = "Pods-situm-ios-wayfinding-getting-started.debug.xcconfig"; path = "Target Support Files/Pods-situm-ios-wayfinding-getting-started/Pods-situm-ios-wayfinding-getting-started.debug.xcconfig"; sourceTree = "<group>"; };
		3A3821BE22B777FF00CFAE69 /* WayfindingController.swift */ = {isa = PBXFileReference; lastKnownFileType = sourcecode.swift; path = WayfindingController.swift; sourceTree = "<group>"; };
		3A55DB4B228D971800315BD4 /* situm-ios-wayfinding-getting-started.app */ = {isa = PBXFileReference; explicitFileType = wrapper.application; includeInIndex = 0; path = "situm-ios-wayfinding-getting-started.app"; sourceTree = BUILT_PRODUCTS_DIR; };
		3A55DB4E228D971800315BD4 /* AppDelegate.swift */ = {isa = PBXFileReference; lastKnownFileType = sourcecode.swift; path = AppDelegate.swift; sourceTree = "<group>"; };
		3A55DB50228D971800315BD4 /* ViewController.swift */ = {isa = PBXFileReference; lastKnownFileType = sourcecode.swift; path = ViewController.swift; sourceTree = "<group>"; };
		3A55DB53228D971800315BD4 /* Base */ = {isa = PBXFileReference; lastKnownFileType = file.storyboard; name = Base; path = Base.lproj/Main.storyboard; sourceTree = "<group>"; };
		3A55DB55228D971A00315BD4 /* Assets.xcassets */ = {isa = PBXFileReference; lastKnownFileType = folder.assetcatalog; path = Assets.xcassets; sourceTree = "<group>"; };
		3A55DB58228D971A00315BD4 /* Base */ = {isa = PBXFileReference; lastKnownFileType = file.storyboard; name = Base; path = Base.lproj/LaunchScreen.storyboard; sourceTree = "<group>"; };
		3A55DB5A228D971A00315BD4 /* Info.plist */ = {isa = PBXFileReference; lastKnownFileType = text.plist.xml; path = Info.plist; sourceTree = "<group>"; };
		6B23E885460F229F6DC40983 /* Pods_situm_ios_wayfinding_getting_started.framework */ = {isa = PBXFileReference; explicitFileType = wrapper.framework; includeInIndex = 0; path = Pods_situm_ios_wayfinding_getting_started.framework; sourceTree = BUILT_PRODUCTS_DIR; };
		D55D832C7E8EC3E5D2AB572B /* Pods-situm-ios-wayfinding-getting-started.release.xcconfig */ = {isa = PBXFileReference; includeInIndex = 1; lastKnownFileType = text.xcconfig; name = "Pods-situm-ios-wayfinding-getting-started.release.xcconfig"; path = "Target Support Files/Pods-situm-ios-wayfinding-getting-started/Pods-situm-ios-wayfinding-getting-started.release.xcconfig"; sourceTree = "<group>"; };
/* End PBXFileReference section */

/* Begin PBXFrameworksBuildPhase section */
		3A55DB48228D971800315BD4 /* Frameworks */ = {
			isa = PBXFrameworksBuildPhase;
			buildActionMask = 2147483647;
			files = (
				FB4B2457F67503407EDB95E4 /* Pods_situm_ios_wayfinding_getting_started.framework in Frameworks */,
			);
			runOnlyForDeploymentPostprocessing = 0;
		};
/* End PBXFrameworksBuildPhase section */

/* Begin PBXGroup section */
		3A55DB42228D971800315BD4 = {
			isa = PBXGroup;
			children = (
				3A55DB4D228D971800315BD4 /* situm-ios-wayfinding-getting-started */,
				3A55DB4C228D971800315BD4 /* Products */,
				609D00853227B4837547DE5B /* Pods */,
				AF4C543F04224FEF5CC6169B /* Frameworks */,
			);
			sourceTree = "<group>";
		};
		3A55DB4C228D971800315BD4 /* Products */ = {
			isa = PBXGroup;
			children = (
				3A55DB4B228D971800315BD4 /* situm-ios-wayfinding-getting-started.app */,
			);
			name = Products;
			sourceTree = "<group>";
		};
		3A55DB4D228D971800315BD4 /* situm-ios-wayfinding-getting-started */ = {
			isa = PBXGroup;
			children = (
				3A55DB4E228D971800315BD4 /* AppDelegate.swift */,
				3A55DB50228D971800315BD4 /* ViewController.swift */,
				3A55DB52228D971800315BD4 /* Main.storyboard */,
				3A55DB55228D971A00315BD4 /* Assets.xcassets */,
				3A55DB57228D971A00315BD4 /* LaunchScreen.storyboard */,
				3A55DB5A228D971A00315BD4 /* Info.plist */,
				3A3821BE22B777FF00CFAE69 /* WayfindingController.swift */,
			);
			path = "situm-ios-wayfinding-getting-started";
			sourceTree = "<group>";
		};
		609D00853227B4837547DE5B /* Pods */ = {
			isa = PBXGroup;
			children = (
				10C8AB3021F39BD7E2901928 /* Pods-situm-ios-wayfinding-getting-started.debug.xcconfig */,
				D55D832C7E8EC3E5D2AB572B /* Pods-situm-ios-wayfinding-getting-started.release.xcconfig */,
			);
			path = Pods;
			sourceTree = "<group>";
		};
		AF4C543F04224FEF5CC6169B /* Frameworks */ = {
			isa = PBXGroup;
			children = (
				6B23E885460F229F6DC40983 /* Pods_situm_ios_wayfinding_getting_started.framework */,
			);
			name = Frameworks;
			sourceTree = "<group>";
		};
/* End PBXGroup section */

/* Begin PBXNativeTarget section */
		3A55DB4A228D971800315BD4 /* situm-ios-wayfinding-getting-started */ = {
			isa = PBXNativeTarget;
			buildConfigurationList = 3A55DB68228D971A00315BD4 /* Build configuration list for PBXNativeTarget "situm-ios-wayfinding-getting-started" */;
			buildPhases = (
				4976D1E71E3ABBEE186D2C6D /* [CP] Check Pods Manifest.lock */,
				3A55DB47228D971800315BD4 /* Sources */,
				3A55DB48228D971800315BD4 /* Frameworks */,
				3A55DB83228DA3D700315BD4 /* CopyFiles */,
				3A55DB49228D971800315BD4 /* Resources */,
				38F79CC9148F7D244FCBF053 /* [CP] Embed Pods Frameworks */,
				22812A0CEEAAB62C5CE7B63A /* [CP] Copy Pods Resources */,
			);
			buildRules = (
			);
			dependencies = (
			);
			name = "situm-ios-wayfinding-getting-started";
			productName = "ios-app-wayfindingExample";
			productReference = 3A55DB4B228D971800315BD4 /* situm-ios-wayfinding-getting-started.app */;
			productType = "com.apple.product-type.application";
		};
/* End PBXNativeTarget section */

/* Begin PBXProject section */
		3A55DB43228D971800315BD4 /* Project object */ = {
			isa = PBXProject;
			attributes = {
				LastSwiftUpdateCheck = 1020;
				LastUpgradeCheck = 1020;
				ORGANIZATIONNAME = "Situm Technologies";
				TargetAttributes = {
					3A55DB4A228D971800315BD4 = {
						CreatedOnToolsVersion = 10.2;
					};
				};
			};
			buildConfigurationList = 3A55DB46228D971800315BD4 /* Build configuration list for PBXProject "situm-ios-wayfinding-getting-started" */;
			compatibilityVersion = "Xcode 9.3";
			developmentRegion = en;
			hasScannedForEncodings = 0;
			knownRegions = (
				en,
				Base,
			);
			mainGroup = 3A55DB42228D971800315BD4;
			productRefGroup = 3A55DB4C228D971800315BD4 /* Products */;
			projectDirPath = "";
			projectRoot = "";
			targets = (
				3A55DB4A228D971800315BD4 /* situm-ios-wayfinding-getting-started */,
			);
		};
/* End PBXProject section */

/* Begin PBXResourcesBuildPhase section */
		3A55DB49228D971800315BD4 /* Resources */ = {
			isa = PBXResourcesBuildPhase;
			buildActionMask = 2147483647;
			files = (
				3A65F0E4229451FD00DE64C5 /* Assets.xcassets in Resources */,
				3A55DB59228D971A00315BD4 /* LaunchScreen.storyboard in Resources */,
				3A55DB54228D971800315BD4 /* Main.storyboard in Resources */,
			);
			runOnlyForDeploymentPostprocessing = 0;
		};
/* End PBXResourcesBuildPhase section */

/* Begin PBXShellScriptBuildPhase section */
		22812A0CEEAAB62C5CE7B63A /* [CP] Copy Pods Resources */ = {
			isa = PBXShellScriptBuildPhase;
			buildActionMask = 2147483647;
			files = (
			);
			inputFileListPaths = (
				"${PODS_ROOT}/Target Support Files/Pods-situm-ios-wayfinding-getting-started/Pods-situm-ios-wayfinding-getting-started-resources-${CONFIGURATION}-input-files.xcfilelist",
			);
			name = "[CP] Copy Pods Resources";
			outputFileListPaths = (
				"${PODS_ROOT}/Target Support Files/Pods-situm-ios-wayfinding-getting-started/Pods-situm-ios-wayfinding-getting-started-resources-${CONFIGURATION}-output-files.xcfilelist",
			);
			runOnlyForDeploymentPostprocessing = 0;
			shellPath = /bin/sh;
			shellScript = "\"${PODS_ROOT}/Target Support Files/Pods-situm-ios-wayfinding-getting-started/Pods-situm-ios-wayfinding-getting-started-resources.sh\"\n";
			showEnvVarsInLog = 0;
		};
		38F79CC9148F7D244FCBF053 /* [CP] Embed Pods Frameworks */ = {
			isa = PBXShellScriptBuildPhase;
			buildActionMask = 2147483647;
			files = (
			);
			inputFileListPaths = (
				"${PODS_ROOT}/Target Support Files/Pods-situm-ios-wayfinding-getting-started/Pods-situm-ios-wayfinding-getting-started-frameworks-${CONFIGURATION}-input-files.xcfilelist",
			);
			name = "[CP] Embed Pods Frameworks";
			outputFileListPaths = (
				"${PODS_ROOT}/Target Support Files/Pods-situm-ios-wayfinding-getting-started/Pods-situm-ios-wayfinding-getting-started-frameworks-${CONFIGURATION}-output-files.xcfilelist",
			);
			runOnlyForDeploymentPostprocessing = 0;
			shellPath = /bin/sh;
			shellScript = "\"${PODS_ROOT}/Target Support Files/Pods-situm-ios-wayfinding-getting-started/Pods-situm-ios-wayfinding-getting-started-frameworks.sh\"\n";
			showEnvVarsInLog = 0;
		};
		4976D1E71E3ABBEE186D2C6D /* [CP] Check Pods Manifest.lock */ = {
			isa = PBXShellScriptBuildPhase;
			buildActionMask = 2147483647;
			files = (
			);
			inputFileListPaths = (
			);
			inputPaths = (
				"${PODS_PODFILE_DIR_PATH}/Podfile.lock",
				"${PODS_ROOT}/Manifest.lock",
			);
			name = "[CP] Check Pods Manifest.lock";
			outputFileListPaths = (
			);
			outputPaths = (
				"$(DERIVED_FILE_DIR)/Pods-situm-ios-wayfinding-getting-started-checkManifestLockResult.txt",
			);
			runOnlyForDeploymentPostprocessing = 0;
			shellPath = /bin/sh;
			shellScript = "diff \"${PODS_PODFILE_DIR_PATH}/Podfile.lock\" \"${PODS_ROOT}/Manifest.lock\" > /dev/null\nif [ $? != 0 ] ; then\n    # print error to STDERR\n    echo \"error: The sandbox is not in sync with the Podfile.lock. Run 'pod install' or update your CocoaPods installation.\" >&2\n    exit 1\nfi\n# This output is used by Xcode 'outputs' to avoid re-running this script phase.\necho \"SUCCESS\" > \"${SCRIPT_OUTPUT_FILE_0}\"\n";
			showEnvVarsInLog = 0;
		};
/* End PBXShellScriptBuildPhase section */

/* Begin PBXSourcesBuildPhase section */
		3A55DB47228D971800315BD4 /* Sources */ = {
			isa = PBXSourcesBuildPhase;
			buildActionMask = 2147483647;
			files = (
				3A3821BF22B777FF00CFAE69 /* WayfindingController.swift in Sources */,
				3A55DB51228D971800315BD4 /* ViewController.swift in Sources */,
				3A55DB4F228D971800315BD4 /* AppDelegate.swift in Sources */,
			);
			runOnlyForDeploymentPostprocessing = 0;
		};
/* End PBXSourcesBuildPhase section */

/* Begin PBXVariantGroup section */
		3A55DB52228D971800315BD4 /* Main.storyboard */ = {
			isa = PBXVariantGroup;
			children = (
				3A55DB53228D971800315BD4 /* Base */,
			);
			name = Main.storyboard;
			sourceTree = "<group>";
		};
		3A55DB57228D971A00315BD4 /* LaunchScreen.storyboard */ = {
			isa = PBXVariantGroup;
			children = (
				3A55DB58228D971A00315BD4 /* Base */,
			);
			name = LaunchScreen.storyboard;
			sourceTree = "<group>";
		};
/* End PBXVariantGroup section */

/* Begin XCBuildConfiguration section */
		3A55DB66228D971A00315BD4 /* Debug */ = {
			isa = XCBuildConfiguration;
			buildSettings = {
				ALWAYS_SEARCH_USER_PATHS = NO;
				CLANG_ANALYZER_NONNULL = YES;
				CLANG_ANALYZER_NUMBER_OBJECT_CONVERSION = YES_AGGRESSIVE;
				CLANG_CXX_LANGUAGE_STANDARD = "gnu++14";
				CLANG_CXX_LIBRARY = "libc++";
				CLANG_ENABLE_MODULES = YES;
				CLANG_ENABLE_OBJC_ARC = YES;
				CLANG_ENABLE_OBJC_WEAK = YES;
				CLANG_WARN_BLOCK_CAPTURE_AUTORELEASING = YES;
				CLANG_WARN_BOOL_CONVERSION = YES;
				CLANG_WARN_COMMA = YES;
				CLANG_WARN_CONSTANT_CONVERSION = YES;
				CLANG_WARN_DEPRECATED_OBJC_IMPLEMENTATIONS = YES;
				CLANG_WARN_DIRECT_OBJC_ISA_USAGE = YES_ERROR;
				CLANG_WARN_DOCUMENTATION_COMMENTS = YES;
				CLANG_WARN_EMPTY_BODY = YES;
				CLANG_WARN_ENUM_CONVERSION = YES;
				CLANG_WARN_INFINITE_RECURSION = YES;
				CLANG_WARN_INT_CONVERSION = YES;
				CLANG_WARN_NON_LITERAL_NULL_CONVERSION = YES;
				CLANG_WARN_OBJC_IMPLICIT_RETAIN_SELF = YES;
				CLANG_WARN_OBJC_LITERAL_CONVERSION = YES;
				CLANG_WARN_OBJC_ROOT_CLASS = YES_ERROR;
				CLANG_WARN_RANGE_LOOP_ANALYSIS = YES;
				CLANG_WARN_STRICT_PROTOTYPES = YES;
				CLANG_WARN_SUSPICIOUS_MOVE = YES;
				CLANG_WARN_UNGUARDED_AVAILABILITY = YES_AGGRESSIVE;
				CLANG_WARN_UNREACHABLE_CODE = YES;
				CLANG_WARN__DUPLICATE_METHOD_MATCH = YES;
				CODE_SIGN_IDENTITY = "iPhone Developer";
				COPY_PHASE_STRIP = NO;
				DEBUG_INFORMATION_FORMAT = dwarf;
				ENABLE_BITCODE = NO;
				ENABLE_STRICT_OBJC_MSGSEND = YES;
				ENABLE_TESTABILITY = YES;
				GCC_C_LANGUAGE_STANDARD = gnu11;
				GCC_DYNAMIC_NO_PIC = NO;
				GCC_NO_COMMON_BLOCKS = YES;
				GCC_OPTIMIZATION_LEVEL = 0;
				GCC_PREPROCESSOR_DEFINITIONS = (
					"DEBUG=1",
					"$(inherited)",
				);
				GCC_WARN_64_TO_32_BIT_CONVERSION = YES;
				GCC_WARN_ABOUT_RETURN_TYPE = YES_ERROR;
				GCC_WARN_UNDECLARED_SELECTOR = YES;
				GCC_WARN_UNINITIALIZED_AUTOS = YES_AGGRESSIVE;
				GCC_WARN_UNUSED_FUNCTION = YES;
				GCC_WARN_UNUSED_VARIABLE = YES;
				IPHONEOS_DEPLOYMENT_TARGET = 12.2;
				MTL_ENABLE_DEBUG_INFO = INCLUDE_SOURCE;
				MTL_FAST_MATH = YES;
				ONLY_ACTIVE_ARCH = YES;
				OTHER_LDFLAGS = "";
				SDKROOT = iphoneos;
				SWIFT_ACTIVE_COMPILATION_CONDITIONS = DEBUG;
				SWIFT_OPTIMIZATION_LEVEL = "-Onone";
				SWIFT_VERSION = 5.0;
			};
			name = Debug;
		};
		3A55DB67228D971A00315BD4 /* Release */ = {
			isa = XCBuildConfiguration;
			buildSettings = {
				ALWAYS_SEARCH_USER_PATHS = NO;
				CLANG_ANALYZER_NONNULL = YES;
				CLANG_ANALYZER_NUMBER_OBJECT_CONVERSION = YES_AGGRESSIVE;
				CLANG_CXX_LANGUAGE_STANDARD = "gnu++14";
				CLANG_CXX_LIBRARY = "libc++";
				CLANG_ENABLE_MODULES = YES;
				CLANG_ENABLE_OBJC_ARC = YES;
				CLANG_ENABLE_OBJC_WEAK = YES;
				CLANG_WARN_BLOCK_CAPTURE_AUTORELEASING = YES;
				CLANG_WARN_BOOL_CONVERSION = YES;
				CLANG_WARN_COMMA = YES;
				CLANG_WARN_CONSTANT_CONVERSION = YES;
				CLANG_WARN_DEPRECATED_OBJC_IMPLEMENTATIONS = YES;
				CLANG_WARN_DIRECT_OBJC_ISA_USAGE = YES_ERROR;
				CLANG_WARN_DOCUMENTATION_COMMENTS = YES;
				CLANG_WARN_EMPTY_BODY = YES;
				CLANG_WARN_ENUM_CONVERSION = YES;
				CLANG_WARN_INFINITE_RECURSION = YES;
				CLANG_WARN_INT_CONVERSION = YES;
				CLANG_WARN_NON_LITERAL_NULL_CONVERSION = YES;
				CLANG_WARN_OBJC_IMPLICIT_RETAIN_SELF = YES;
				CLANG_WARN_OBJC_LITERAL_CONVERSION = YES;
				CLANG_WARN_OBJC_ROOT_CLASS = YES_ERROR;
				CLANG_WARN_RANGE_LOOP_ANALYSIS = YES;
				CLANG_WARN_STRICT_PROTOTYPES = YES;
				CLANG_WARN_SUSPICIOUS_MOVE = YES;
				CLANG_WARN_UNGUARDED_AVAILABILITY = YES_AGGRESSIVE;
				CLANG_WARN_UNREACHABLE_CODE = YES;
				CLANG_WARN__DUPLICATE_METHOD_MATCH = YES;
				CODE_SIGN_IDENTITY = "iPhone Developer";
				COPY_PHASE_STRIP = NO;
				DEBUG_INFORMATION_FORMAT = "dwarf-with-dsym";
				ENABLE_BITCODE = NO;
				ENABLE_NS_ASSERTIONS = NO;
				ENABLE_STRICT_OBJC_MSGSEND = YES;
				GCC_C_LANGUAGE_STANDARD = gnu11;
				GCC_NO_COMMON_BLOCKS = YES;
				GCC_WARN_64_TO_32_BIT_CONVERSION = YES;
				GCC_WARN_ABOUT_RETURN_TYPE = YES_ERROR;
				GCC_WARN_UNDECLARED_SELECTOR = YES;
				GCC_WARN_UNINITIALIZED_AUTOS = YES_AGGRESSIVE;
				GCC_WARN_UNUSED_FUNCTION = YES;
				GCC_WARN_UNUSED_VARIABLE = YES;
				IPHONEOS_DEPLOYMENT_TARGET = 12.2;
				MTL_ENABLE_DEBUG_INFO = NO;
				MTL_FAST_MATH = YES;
				OTHER_LDFLAGS = "";
				SDKROOT = iphoneos;
				SWIFT_COMPILATION_MODE = wholemodule;
				SWIFT_OPTIMIZATION_LEVEL = "-O";
				SWIFT_VERSION = 5.0;
				VALIDATE_PRODUCT = YES;
			};
			name = Release;
		};
		3A55DB69228D971A00315BD4 /* Debug */ = {
			isa = XCBuildConfiguration;
			baseConfigurationReference = 10C8AB3021F39BD7E2901928 /* Pods-situm-ios-wayfinding-getting-started.debug.xcconfig */;
			buildSettings = {
				ASSETCATALOG_COMPILER_APPICON_NAME = AppIcon;
				CODE_SIGN_STYLE = Automatic;
				DEVELOPMENT_TEAM = ACLL2M4T26;
				FRAMEWORK_SEARCH_PATHS = (
					"$(inherited)",
					"$(PROJECT_DIR)/ios-app-wayfindingExample/frameworks",
				);
				INFOPLIST_FILE = "situm-ios-wayfinding-getting-started/Info.plist";
				IPHONEOS_DEPLOYMENT_TARGET = 10.0;
				LD_RUNPATH_SEARCH_PATHS = (
					"$(inherited)",
					"@executable_path/Frameworks",
				);
				PRODUCT_BUNDLE_IDENTIFIER = "situm.situm-ios-wayfinding-getting-started";
				PRODUCT_NAME = "$(TARGET_NAME)";
				SWIFT_VERSION = 5.0;
				TARGETED_DEVICE_FAMILY = "1,2";
			};
			name = Debug;
		};
		3A55DB6A228D971A00315BD4 /* Release */ = {
			isa = XCBuildConfiguration;
			baseConfigurationReference = D55D832C7E8EC3E5D2AB572B /* Pods-situm-ios-wayfinding-getting-started.release.xcconfig */;
			buildSettings = {
				ASSETCATALOG_COMPILER_APPICON_NAME = AppIcon;
				CODE_SIGN_STYLE = Automatic;
				DEVELOPMENT_TEAM = ACLL2M4T26;
				FRAMEWORK_SEARCH_PATHS = (
					"$(inherited)",
					"$(PROJECT_DIR)/ios-app-wayfindingExample/frameworks",
				);
				INFOPLIST_FILE = "situm-ios-wayfinding-getting-started/Info.plist";
				IPHONEOS_DEPLOYMENT_TARGET = 10.0;
				LD_RUNPATH_SEARCH_PATHS = (
					"$(inherited)",
					"@executable_path/Frameworks",
				);
				PRODUCT_BUNDLE_IDENTIFIER = "situm.situm-ios-wayfinding-getting-started";
				PRODUCT_NAME = "$(TARGET_NAME)";
				SWIFT_VERSION = 5.0;
				TARGETED_DEVICE_FAMILY = "1,2";
			};
			name = Release;
		};
/* End XCBuildConfiguration section */

/* Begin XCConfigurationList section */
		3A55DB46228D971800315BD4 /* Build configuration list for PBXProject "situm-ios-wayfinding-getting-started" */ = {
			isa = XCConfigurationList;
			buildConfigurations = (
				3A55DB66228D971A00315BD4 /* Debug */,
				3A55DB67228D971A00315BD4 /* Release */,
			);
			defaultConfigurationIsVisible = 0;
			defaultConfigurationName = Release;
		};
		3A55DB68228D971A00315BD4 /* Build configuration list for PBXNativeTarget "situm-ios-wayfinding-getting-started" */ = {
			isa = XCConfigurationList;
			buildConfigurations = (
				3A55DB69228D971A00315BD4 /* Debug */,
				3A55DB6A228D971A00315BD4 /* Release */,
			);
			defaultConfigurationIsVisible = 0;
			defaultConfigurationName = Release;
		};
/* End XCConfigurationList section */
	};
	rootObject = 3A55DB43228D971800315BD4 /* Project object */;
}
